
Microsoft Visual Studio Solution File, Format Version 12.00
# Visual Studio Version 17
VisualStudioVersion = 17.4.33213.308
MinimumVisualStudioVersion = 10.0.40219.1
Project("{FAE04EC0-301F-11D3-BF4B-00C04F79EFBC}") = "FacadePattern_1262774", "FacadePattern_1262774\FacadePattern_1262774.csproj", "{2243ED45-89C9-4080-B223-6DC60FD17F1D}"
EndProject
Global
	GlobalSection(SolutionConfigurationPlatforms) = preSolution
		Debug|Any CPU = Debug|Any CPU
		Release|Any CPU = Release|Any CPU
	EndGlobalSection
	GlobalSection(ProjectConfigurationPlatforms) = postSolution
		{2243ED45-89C9-4080-B223-6DC60FD17F1D}.Debug|Any CPU.ActiveCfg = Debug|Any CPU
		{2243ED45-89C9-4080-B223-6DC60FD17F1D}.Debug|Any CPU.Build.0 = Debug|Any CPU
		{2243ED45-89C9-4080-B223-6DC60FD17F1D}.Release|Any CPU.ActiveCfg = Release|Any CPU
		{2243ED45-89C9-4080-B223-6DC60FD17F1D}.Release|Any CPU.Build.0 = Release|Any CPU
	EndGlobalSection
	GlobalSection(SolutionProperties) = preSolution
		HideSolutionNode = FALSE
	EndGlobalSection
	GlobalSection(ExtensibilityGlobals) = postSolution
		SolutionGuid = {6AE0E909-2291-4908-B6E4-AC76130867F0}
	EndGlobalSection
EndGlobal
